
Microsoft Visual Studio Solution File, Format Version 12.00
# Visual Studio Version 16
VisualStudioVersion = 16.0.31205.134
MinimumVisualStudioVersion = 10.0.40219.1
Project("{FAE04EC0-301F-11D3-BF4B-00C04F79EFBC}") = "CompositionChallenge", "CompositionChallenge.csproj", "{14CA382B-3127-48F2-8641-EEDB7400C324}"
EndProject
Global
	GlobalSection(SolutionConfigurationPlatforms) = preSolution
		Debug|Any CPU = Debug|Any CPU
		Release|Any CPU = Release|Any CPU
	EndGlobalSection
	GlobalSection(ProjectConfigurationPlatforms) = postSolution
		{14CA382B-3127-48F2-8641-EEDB7400C324}.Debug|Any CPU.ActiveCfg = Debug|Any CPU
		{14CA382B-3127-48F2-8641-EEDB7400C324}.Debug|Any CPU.Build.0 = Debug|Any CPU
		{14CA382B-3127-48F2-8641-EEDB7400C324}.Release|Any CPU.ActiveCfg = Release|Any CPU
		{14CA382B-3127-48F2-8641-EEDB7400C324}.Release|Any CPU.Build.0 = Release|Any CPU
	EndGlobalSection
	GlobalSection(SolutionProperties) = preSolution
		HideSolutionNode = FALSE
	EndGlobalSection
	GlobalSection(ExtensibilityGlobals) = postSolution
		SolutionGuid = {24E12AFC-10B8-4BC8-BF85-B0D39712F39C}
	EndGlobalSection
EndGlobal
